schema: '2.0'
stages:
  data_ingestion:
    cmd: python src/KidneyDiseaseClassifier/pipeline/stage_01_data_ingestion.py
    deps:
    - path: config/config.yaml
      hash: md5
      md5: bd77d0fc9f57e346a1cca11563e66c3c
      size: 643
    - path: src/KidneyDiseaseClassifier/pipeline/stage_01_data_ingestion.py
      hash: md5
      md5: 2236c7303fe6214421576fa086d61066
      size: 910
    outs:
    - path: artifacts/data_ingestion/CT-KIDNEY-DATASET-Normal-Cyst-Tumor-Stone
      hash: md5
      md5: cc8b7e04c090544fa8b9cd08e2f6e1ef.dir
      size: 145997089
      nfiles: 1000
  prepare_base_model:
    cmd: python src/KidneyDiseaseClassifier/pipeline/stage_02_prepare_base_model.py
    deps:
    - path: config/config.yaml
      hash: md5
      md5: bd77d0fc9f57e346a1cca11563e66c3c
      size: 643
    - path: src/KidneyDiseaseClassifier/pipeline/stage_02_prepare_base_model.py
      hash: md5
      md5: ad71c37c6a5e8a59ac11973791718e56
      size: 999
    params:
      params.yaml:
        CLASSES: 4
        IMAGE_SIZE:
        - 224
        - 224
        - 3
        INCLUDE_TOP: false
        LEARNING_RATE: 0.01
        WEIGHTS: imagenet
    outs:
    - path: artifacts/prepare_base_model
      hash: md5
      md5: d8162d2d5587990120a4f1c35f80fbe1.dir
      size: 118255264
      nfiles: 2
  train_model:
    cmd: python src/KidneyDiseaseClassifier/pipeline/stage_03_training_model.py
    deps:
    - path: artifacts/data_ingestion/CT-KIDNEY-DATASET-Normal-Cyst-Tumor-Stone
      hash: md5
      md5: cc8b7e04c090544fa8b9cd08e2f6e1ef.dir
      size: 145997089
      nfiles: 1000
    - path: artifacts/prepare_base_model
      hash: md5
      md5: d8162d2d5587990120a4f1c35f80fbe1.dir
      size: 118255264
      nfiles: 2
    - path: config/config.yaml
      hash: md5
      md5: bd77d0fc9f57e346a1cca11563e66c3c
      size: 643
    - path: src/KidneyDiseaseClassifier/pipeline/stage_03_training_model.py
      hash: md5
      md5: 809307f444919f32adab334302cbc680
      size: 911
    params:
      params.yaml:
        AUGMENTATION: true
        BATCH_SIZE: 16
        EPOCHS: 100
        IMAGE_SIZE:
        - 224
        - 224
        - 3
    outs:
    - path: artifacts/training/model.h5
      hash: md5
      md5: 9c3df627d5221879445b5dc1d3b27961
      size: 59738928
  evaluation:
    cmd: python src/KidneyDiseaseClassifier/pipeline/stage_04_evaluation.py
    deps:
    - path: artifacts/data_ingestion/CT-KIDNEY-DATASET-Normal-Cyst-Tumor-Stone
      hash: md5
      md5: cc8b7e04c090544fa8b9cd08e2f6e1ef.dir
      size: 145997089
      nfiles: 1000
    - path: artifacts/training/model.h5
      hash: md5
      md5: 9c3df627d5221879445b5dc1d3b27961
      size: 59738928
    - path: config/config.yaml
      hash: md5
      md5: bd77d0fc9f57e346a1cca11563e66c3c
      size: 643
    - path: src/KidneyDiseaseClassifier/pipeline/stage_04_evaluation.py
      hash: md5
      md5: 3b66ec210be21b4063acbf9d75e3e5c7
      size: 919
    params:
      params.yaml:
        BATCH_SIZE: 16
        IMAGE_SIZE:
        - 224
        - 224
        - 3
    outs:
    - path: scores.json
      hash: md5
      md5: 38eb227ea8e41396e7870d2443fed987
      size: 70
